
Microsoft Visual Studio Solution File, Format Version 12.00
# Visual Studio Version 17
VisualStudioVersion = 17.4.33122.133
MinimumVisualStudioVersion = 10.0.40219.1
Project("{FAE04EC0-301F-11D3-BF4B-00C04F79EFBC}") = "DotnetTalk.OpenVpn.Monitor.Service", "DotnetTalk.OpenVpn.Monitor.Service\DotnetTalk.OpenVpn.Monitor.Service.csproj", "{9C99DA06-09FF-4555-8387-D54EB1E01012}"
EndProject
Project("{E53339B2-1760-4266-BCC7-CA923CBCF16C}") = "docker-compose", "docker-compose.dcproj", "{768E0949-DB61-45A8-8F5F-1BAC3B7758CC}"
EndProject
Project("{9A19103F-16F7-4668-BE54-9A1E7A4F7556}") = "DotnetTalk.OpenVpn.Monitor.Telnet.Connector", "DotnetTalk.OpenVpn.Monitor.Telnet.Connector\DotnetTalk.OpenVpn.Monitor.Telnet.Connector.csproj", "{02E126DC-CABB-4ED7-8CFF-A0442D368CA4}"
EndProject
Project("{9A19103F-16F7-4668-BE54-9A1E7A4F7556}") = "DotnetTalk.OpenVpn.Monitor.Common", "DotnetTalk.OpenVpn.Monitor.Common\DotnetTalk.OpenVpn.Monitor.Common.csproj", "{32FD2D75-D1E2-4B25-A795-7504B5F4A965}"
EndProject
Project("{FAE04EC0-301F-11D3-BF4B-00C04F79EFBC}") = "DotnetTalk.OpenVpn.Monitor.Writer.MongoDb", "DotnetTalk.OpenVpn.Monitor.Writer.MongoDb\DotnetTalk.OpenVpn.Monitor.Writer.MongoDb.csproj", "{3E847510-664A-4422-B33E-CBCACCE81007}"
EndProject
Global
	GlobalSection(SolutionConfigurationPlatforms) = preSolution
		Debug|Any CPU = Debug|Any CPU
		Release|Any CPU = Release|Any CPU
	EndGlobalSection
	GlobalSection(ProjectConfigurationPlatforms) = postSolution
		{9C99DA06-09FF-4555-8387-D54EB1E01012}.Debug|Any CPU.ActiveCfg = Debug|Any CPU
		{9C99DA06-09FF-4555-8387-D54EB1E01012}.Debug|Any CPU.Build.0 = Debug|Any CPU
		{9C99DA06-09FF-4555-8387-D54EB1E01012}.Release|Any CPU.ActiveCfg = Release|Any CPU
		{9C99DA06-09FF-4555-8387-D54EB1E01012}.Release|Any CPU.Build.0 = Release|Any CPU
		{768E0949-DB61-45A8-8F5F-1BAC3B7758CC}.Debug|Any CPU.ActiveCfg = Debug|Any CPU
		{768E0949-DB61-45A8-8F5F-1BAC3B7758CC}.Debug|Any CPU.Build.0 = Debug|Any CPU
		{768E0949-DB61-45A8-8F5F-1BAC3B7758CC}.Release|Any CPU.ActiveCfg = Release|Any CPU
		{768E0949-DB61-45A8-8F5F-1BAC3B7758CC}.Release|Any CPU.Build.0 = Release|Any CPU
		{02E126DC-CABB-4ED7-8CFF-A0442D368CA4}.Debug|Any CPU.ActiveCfg = Debug|Any CPU
		{02E126DC-CABB-4ED7-8CFF-A0442D368CA4}.Debug|Any CPU.Build.0 = Debug|Any CPU
		{02E126DC-CABB-4ED7-8CFF-A0442D368CA4}.Release|Any CPU.ActiveCfg = Release|Any CPU
		{02E126DC-CABB-4ED7-8CFF-A0442D368CA4}.Release|Any CPU.Build.0 = Release|Any CPU
		{32FD2D75-D1E2-4B25-A795-7504B5F4A965}.Debug|Any CPU.ActiveCfg = Debug|Any CPU
		{32FD2D75-D1E2-4B25-A795-7504B5F4A965}.Debug|Any CPU.Build.0 = Debug|Any CPU
		{32FD2D75-D1E2-4B25-A795-7504B5F4A965}.Release|Any CPU.ActiveCfg = Release|Any CPU
		{32FD2D75-D1E2-4B25-A795-7504B5F4A965}.Release|Any CPU.Build.0 = Release|Any CPU
		{3E847510-664A-4422-B33E-CBCACCE81007}.Debug|Any CPU.ActiveCfg = Debug|Any CPU
		{3E847510-664A-4422-B33E-CBCACCE81007}.Debug|Any CPU.Build.0 = Debug|Any CPU
		{3E847510-664A-4422-B33E-CBCACCE81007}.Release|Any CPU.ActiveCfg = Release|Any CPU
		{3E847510-664A-4422-B33E-CBCACCE81007}.Release|Any CPU.Build.0 = Release|Any CPU
	EndGlobalSection
	GlobalSection(SolutionProperties) = preSolution
		HideSolutionNode = FALSE
	EndGlobalSection
	GlobalSection(ExtensibilityGlobals) = postSolution
		SolutionGuid = {41B65AF1-BDBC-43DA-83DA-CBD79D89863D}
	EndGlobalSection
EndGlobal
